
Microsoft Visual Studio Solution File, Format Version 12.00
# Visual Studio Version 17
VisualStudioVersion = 17.9.34728.123
MinimumVisualStudioVersion = 10.0.40219.1
Project("{FAE04EC0-301F-11D3-BF4B-00C04F79EFBC}") = "ARRAY", "ARRAY\ARRAY.csproj", "{A366BA07-4663-4BE1-B1D6-9F41D7237D4F}"
EndProject
Global
	GlobalSection(SolutionConfigurationPlatforms) = preSolution
		Debug|Any CPU = Debug|Any CPU
		Release|Any CPU = Release|Any CPU
	EndGlobalSection
	GlobalSection(ProjectConfigurationPlatforms) = postSolution
		{A366BA07-4663-4BE1-B1D6-9F41D7237D4F}.Debug|Any CPU.ActiveCfg = Debug|Any CPU
		{A366BA07-4663-4BE1-B1D6-9F41D7237D4F}.Debug|Any CPU.Build.0 = Debug|Any CPU
		{A366BA07-4663-4BE1-B1D6-9F41D7237D4F}.Release|Any CPU.ActiveCfg = Release|Any CPU
		{A366BA07-4663-4BE1-B1D6-9F41D7237D4F}.Release|Any CPU.Build.0 = Release|Any CPU
	EndGlobalSection
	GlobalSection(SolutionProperties) = preSolution
		HideSolutionNode = FALSE
	EndGlobalSection
	GlobalSection(ExtensibilityGlobals) = postSolution
		SolutionGuid = {AE6E19E7-11A5-42CB-B120-A5575E295E14}
	EndGlobalSection
EndGlobal
