
Microsoft Visual Studio Solution File, Format Version 12.00
# Visual Studio Version 17
VisualStudioVersion = 17.9.34728.123
MinimumVisualStudioVersion = 10.0.40219.1
Project("{FAE04EC0-301F-11D3-BF4B-00C04F79EFBC}") = "31102024 home task", "31102024 home task\31102024 home task.csproj", "{A488DA08-9B81-4872-A1CD-CBB61ED06091}"
EndProject
Global
	GlobalSection(SolutionConfigurationPlatforms) = preSolution
		Debug|Any CPU = Debug|Any CPU
		Release|Any CPU = Release|Any CPU
	EndGlobalSection
	GlobalSection(ProjectConfigurationPlatforms) = postSolution
		{A488DA08-9B81-4872-A1CD-CBB61ED06091}.Debug|Any CPU.ActiveCfg = Debug|Any CPU
		{A488DA08-9B81-4872-A1CD-CBB61ED06091}.Debug|Any CPU.Build.0 = Debug|Any CPU
		{A488DA08-9B81-4872-A1CD-CBB61ED06091}.Release|Any CPU.ActiveCfg = Release|Any CPU
		{A488DA08-9B81-4872-A1CD-CBB61ED06091}.Release|Any CPU.Build.0 = Release|Any CPU
	EndGlobalSection
	GlobalSection(SolutionProperties) = preSolution
		HideSolutionNode = FALSE
	EndGlobalSection
	GlobalSection(ExtensibilityGlobals) = postSolution
		SolutionGuid = {CDBA36EC-7CE8-44A3-AB02-D1937C1ED203}
	EndGlobalSection
EndGlobal
