
Microsoft Visual Studio Solution File, Format Version 12.00
# Visual Studio Version 17
VisualStudioVersion = 17.9.34728.123
MinimumVisualStudioVersion = 10.0.40219.1
Project("{FAE04EC0-301F-11D3-BF4B-00C04F79EFBC}") = "Library micro project", "Library micro project\Library micro project.csproj", "{B78A1E1A-BA98-4CF8-BB6F-7B79499007D9}"
EndProject
Global
	GlobalSection(SolutionConfigurationPlatforms) = preSolution
		Debug|Any CPU = Debug|Any CPU
		Release|Any CPU = Release|Any CPU
	EndGlobalSection
	GlobalSection(ProjectConfigurationPlatforms) = postSolution
		{B78A1E1A-BA98-4CF8-BB6F-7B79499007D9}.Debug|Any CPU.ActiveCfg = Debug|Any CPU
		{B78A1E1A-BA98-4CF8-BB6F-7B79499007D9}.Debug|Any CPU.Build.0 = Debug|Any CPU
		{B78A1E1A-BA98-4CF8-BB6F-7B79499007D9}.Release|Any CPU.ActiveCfg = Release|Any CPU
		{B78A1E1A-BA98-4CF8-BB6F-7B79499007D9}.Release|Any CPU.Build.0 = Release|Any CPU
	EndGlobalSection
	GlobalSection(SolutionProperties) = preSolution
		HideSolutionNode = FALSE
	EndGlobalSection
	GlobalSection(ExtensibilityGlobals) = postSolution
		SolutionGuid = {105DD924-0334-4010-AA7F-55333AFF02F0}
	EndGlobalSection
EndGlobal
