
Microsoft Visual Studio Solution File, Format Version 12.00
# Visual Studio Version 17
VisualStudioVersion = 17.9.34728.123
MinimumVisualStudioVersion = 10.0.40219.1
Project("{FAE04EC0-301F-11D3-BF4B-00C04F79EFBC}") = "20102024", "20102024\20102024.csproj", "{CA4A132A-33EB-44AF-9E77-0ADD889A4584}"
EndProject
Global
	GlobalSection(SolutionConfigurationPlatforms) = preSolution
		Debug|Any CPU = Debug|Any CPU
		Release|Any CPU = Release|Any CPU
	EndGlobalSection
	GlobalSection(ProjectConfigurationPlatforms) = postSolution
		{CA4A132A-33EB-44AF-9E77-0ADD889A4584}.Debug|Any CPU.ActiveCfg = Debug|Any CPU
		{CA4A132A-33EB-44AF-9E77-0ADD889A4584}.Debug|Any CPU.Build.0 = Debug|Any CPU
		{CA4A132A-33EB-44AF-9E77-0ADD889A4584}.Release|Any CPU.ActiveCfg = Release|Any CPU
		{CA4A132A-33EB-44AF-9E77-0ADD889A4584}.Release|Any CPU.Build.0 = Release|Any CPU
	EndGlobalSection
	GlobalSection(SolutionProperties) = preSolution
		HideSolutionNode = FALSE
	EndGlobalSection
	GlobalSection(ExtensibilityGlobals) = postSolution
		SolutionGuid = {63054794-7524-4BB3-9BB8-BF135F481166}
	EndGlobalSection
EndGlobal
